
Microsoft Visual Studio Solution File, Format Version 12.00
# Visual Studio Version 16
VisualStudioVersion = 16.0.30225.117
MinimumVisualStudioVersion = 10.0.40219.1
Project("{FAE04EC0-301F-11D3-BF4B-00C04F79EFBC}") = "MyNotepad", "MyNotepad\MyNotepad.csproj", "{BD6BD126-81DD-425A-AD8B-D0C63C787FAF}"
EndProject
Global
	GlobalSection(SolutionConfigurationPlatforms) = preSolution
		Debug|Any CPU = Debug|Any CPU
		Release|Any CPU = Release|Any CPU
	EndGlobalSection
	GlobalSection(ProjectConfigurationPlatforms) = postSolution
		{BD6BD126-81DD-425A-AD8B-D0C63C787FAF}.Debug|Any CPU.ActiveCfg = Debug|Any CPU
		{BD6BD126-81DD-425A-AD8B-D0C63C787FAF}.Debug|Any CPU.Build.0 = Debug|Any CPU
		{BD6BD126-81DD-425A-AD8B-D0C63C787FAF}.Release|Any CPU.ActiveCfg = Release|Any CPU
		{BD6BD126-81DD-425A-AD8B-D0C63C787FAF}.Release|Any CPU.Build.0 = Release|Any CPU
	EndGlobalSection
	GlobalSection(SolutionProperties) = preSolution
		HideSolutionNode = FALSE
	EndGlobalSection
	GlobalSection(ExtensibilityGlobals) = postSolution
		SolutionGuid = {22396C42-FDFC-4981-8962-ACDA5460D7B9}
	EndGlobalSection
EndGlobal
